github.com/WisdomDwarfs/Britannica v0.0.0-20201207142910-80cc2aeead27 h1:aB0nHZMjzUEmnhy4hzqjSzXWMfbzvEA69SASosV5Qkw=
github.com/WisdomDwarfs/Britannica v0.0.0-20201207152614-fc9fda8dd382 h1:FRCoIub3CFATe/uJspWLOW9YwhVFi//SimB71sZE64M=
github.com/WisdomDwarfs/Britannica v0.0.0-20201207152614-fc9fda8dd382/go.mod h1:GZJPe4EY8G9nLLjHwA7llXFEqOdYfg5TnHdx8kNTYUA=
